
Microsoft Visual Studio Solution File, Format Version 12.00
# Visual Studio Version 16
VisualStudioVersion = 16.0.32002.261
MinimumVisualStudioVersion = 10.0.40219.1
Project("{9A19103F-16F7-4668-BE54-9A1E7A4F7556}") = "IdentityServer", "IdentityServer\IdentityServer.csproj", "{B15F39A2-04DE-4E53-AF2D-12D5ED68966F}"
EndProject
Project("{9A19103F-16F7-4668-BE54-9A1E7A4F7556}") = "CommandAPI", "CommandAPI\CommandAPI.csproj", "{47020585-898C-4D89-8AC2-54DCBDE6AF70}"
EndProject
Project("{9A19103F-16F7-4668-BE54-9A1E7A4F7556}") = "QueryAPI", "QueryAPI\QueryAPI.csproj", "{3FBD01EF-40ED-428F-9A0B-639BAE3A17FA}"
EndProject
Project("{E53339B2-1760-4266-BCC7-CA923CBCF16C}") = "docker-compose", "docker-compose.dcproj", "{09A19F6A-BC5E-45EE-AD14-37AA07C59A2A}"
EndProject
Project("{2150E333-8FDC-42A3-9474-1A3956D46DE8}") = "nginx", "nginx", "{AF0F6E3F-E659-4DA1-B61B-ADEAABF26FD6}"
	ProjectSection(SolutionItems) = preProject
		nginx\identity.conf = nginx\identity.conf
		nginx\identity.crt = nginx\identity.crt
		nginx\identity.csr = nginx\identity.csr
		nginx\identity.key = nginx\identity.key
		nginx\identity.pfx = nginx\identity.pfx
		nginx\nginx.Dockerfile = nginx\nginx.Dockerfile
		nginx\nginx.local.conf = nginx\nginx.local.conf
	EndProjectSection
EndProject
Global
	GlobalSection(SolutionConfigurationPlatforms) = preSolution
		Debug|Any CPU = Debug|Any CPU
		Release|Any CPU = Release|Any CPU
	EndGlobalSection
	GlobalSection(ProjectConfigurationPlatforms) = postSolution
		{B15F39A2-04DE-4E53-AF2D-12D5ED68966F}.Debug|Any CPU.ActiveCfg = Debug|Any CPU
		{B15F39A2-04DE-4E53-AF2D-12D5ED68966F}.Debug|Any CPU.Build.0 = Debug|Any CPU
		{B15F39A2-04DE-4E53-AF2D-12D5ED68966F}.Release|Any CPU.ActiveCfg = Release|Any CPU
		{B15F39A2-04DE-4E53-AF2D-12D5ED68966F}.Release|Any CPU.Build.0 = Release|Any CPU
		{47020585-898C-4D89-8AC2-54DCBDE6AF70}.Debug|Any CPU.ActiveCfg = Debug|Any CPU
		{47020585-898C-4D89-8AC2-54DCBDE6AF70}.Debug|Any CPU.Build.0 = Debug|Any CPU
		{47020585-898C-4D89-8AC2-54DCBDE6AF70}.Release|Any CPU.ActiveCfg = Release|Any CPU
		{47020585-898C-4D89-8AC2-54DCBDE6AF70}.Release|Any CPU.Build.0 = Release|Any CPU
		{3FBD01EF-40ED-428F-9A0B-639BAE3A17FA}.Debug|Any CPU.ActiveCfg = Debug|Any CPU
		{3FBD01EF-40ED-428F-9A0B-639BAE3A17FA}.Debug|Any CPU.Build.0 = Debug|Any CPU
		{3FBD01EF-40ED-428F-9A0B-639BAE3A17FA}.Release|Any CPU.ActiveCfg = Release|Any CPU
		{3FBD01EF-40ED-428F-9A0B-639BAE3A17FA}.Release|Any CPU.Build.0 = Release|Any CPU
		{09A19F6A-BC5E-45EE-AD14-37AA07C59A2A}.Debug|Any CPU.ActiveCfg = Debug|Any CPU
		{09A19F6A-BC5E-45EE-AD14-37AA07C59A2A}.Debug|Any CPU.Build.0 = Debug|Any CPU
		{09A19F6A-BC5E-45EE-AD14-37AA07C59A2A}.Release|Any CPU.ActiveCfg = Release|Any CPU
		{09A19F6A-BC5E-45EE-AD14-37AA07C59A2A}.Release|Any CPU.Build.0 = Release|Any CPU
	EndGlobalSection
	GlobalSection(SolutionProperties) = preSolution
		HideSolutionNode = FALSE
	EndGlobalSection
	GlobalSection(ExtensibilityGlobals) = postSolution
		SolutionGuid = {4DED8AC4-D041-4A6D-B0D9-6988D06628F8}
	EndGlobalSection
EndGlobal
